# THIS IS AN AUTOGENERATED FILE. DO NOT EDIT THIS FILE DIRECTLY.
assets/ajax-loader.gif:
  development: 2016-12-17T20:54:54-05:00   deca8b0ecd6974227d157b6d7068995d
assets/gift-card.js:
  development: 2016-12-17T20:54:54-05:00   d98dc5c9afcd8397babfd08c06e9899a
assets/ico-select.svg.liquid:
  development: 2016-12-17T20:54:54-05:00   087b0a8654b4e8b2c203cfa17204b849
assets/theme.js:
  development: 2017-03-05T01:13:03-05:00   7a8e8db6a178b5a3432e28c3fe1c1952
assets/theme.scss.liquid:
  development: 2017-03-05T01:39:31-05:00   fccd3fc478cfee96226fbdc016d48569
assets/vendor.js:
  development: 2016-12-17T20:54:54-05:00   56c479ea5c2851268425f6521a38b684
config/settings_data.json:
  development: 2017-02-14T13:59:42-05:00   2cc2f10a75dd94a644f625c9f7d9a367
config/settings_schema.json:
  development: 2016-12-17T20:54:54-05:00   53cd5ab0a9b6517f8bb56cf136a23881
layout/password.liquid:
  development: 2016-12-17T20:54:54-05:00   ddf2311ce4e70fd76900089ad56c2da9
layout/theme.about.liquid:
  development: 2017-02-03T01:03:50-05:00   17512d7adb9d3f93901e837f71dead3e
layout/theme.liquid:
  development: 2017-02-28T22:58:16-05:00   ef0d7d7e83b8a6d015eafc191c05dbaa
locales/de.json:
  development: 2016-12-17T20:54:56-05:00   4c98f2bbfe9da49a1a27fe7eced076c0
locales/en.default.json:
  development: 2016-12-17T20:54:56-05:00   1e44149356127dc3df51601421fb8d2a
locales/es.json:
  development: 2016-12-17T20:54:56-05:00   9f67e4e16a965a010725aedd54868d50
locales/fr.json:
  development: 2016-12-17T20:54:56-05:00   84a9c815393ec90f4850b108bc2d2455
locales/pt-BR.json:
  development: 2016-12-17T20:54:56-05:00   ec407120bd9164f27a949193fdbfc972
locales/pt-PT.json:
  development: 2016-12-17T20:54:56-05:00   382ab2b20e5472ad10b669038d380738
sections/brand-list.liquid:
  development: 2016-12-17T20:54:52-05:00   75180071ab06c7fe5e073270a1e39510
sections/cart-template.liquid:
  development: 2016-12-17T20:54:52-05:00   9232377f2c0ac22e6e50fe26d2d35a16
sections/collection-filters.liquid:
  development: 2016-12-17T20:54:52-05:00   15c750efa9e0e3b280a10d509910d4d7
sections/columns.liquid:
  development: 2016-12-17T20:54:53-05:00   7750f9ea5355b3c4f0a31c655c677617
sections/featured-articles.liquid:
  development: 2016-12-17T20:54:53-05:00   893df8e553d43c06b3f55baebceb86d5
sections/featured-collections.liquid:
  development: 2016-12-28T16:33:10-05:00   048acdf0ba66b38fe3ff7e7e1793eae9
sections/featured-content.liquid:
  development: 2016-12-17T20:54:53-05:00   5f15459659c70d8c7207941e69dcabda
sections/featured-product.liquid:
  development: 2016-12-28T16:31:41-05:00   d1be58f72560da030b931615b0cbae30
sections/featured-products-subsection.liquid:
  development: 2016-12-17T20:54:53-05:00   7f5a3fbf812d95d2cf649c51c36ad7f4
sections/featured-products.liquid:
  development: 2016-12-17T20:54:53-05:00   5a06ae642d83c209c385180a632ece79
sections/footer.liquid:
  development: 2016-12-30T22:41:04-05:00   f5170139642f3af4772b5d4248c560a0
sections/gallery.liquid:
  development: 2016-12-17T20:54:53-05:00   85670d95503e70886eb8534bbf5b7a55
sections/header.liquid:
  development: 2016-12-17T20:54:53-05:00   87645e763ce1a961472db6f9541fb265
sections/image-content.liquid:
  development: 2016-12-17T20:54:53-05:00   9648b4304ad600aa3a27efb29209ac62
sections/link-block.liquid:
  development: 2016-12-17T20:54:53-05:00   62613b6abf1a5bd98aa019721d5be938
sections/map.liquid:
  development: 2016-12-17T20:54:53-05:00   d1619b110358537cbb4dd530c3e4f152
sections/newsletter.liquid:
  development: 2016-12-17T20:54:53-05:00   d262984e14976f621aade9265b386f89
sections/password-content.liquid:
  development: 2016-12-17T20:54:53-05:00   bd58de8ea6e4d2eadaac1807d1d8d777
sections/password-footer.liquid:
  development: 2016-12-17T20:54:53-05:00   0e076d5798a4c86b9a358466b0c5976b
sections/password-header.liquid:
  development: 2016-12-17T20:54:53-05:00   1888ee25391d409390fe65d79a7338f4
sections/product-template.liquid:
  development: 2017-03-05T01:28:18-05:00   d775b19790393269331008edaf8fc7e2
sections/quotes.liquid:
  development: 2016-12-17T20:54:53-05:00   a7b8fea1b28dbd86e8b373d1be6c43e3
sections/search.liquid:
  development: 2016-12-17T20:54:53-05:00   6bd24cec7a0646c83843da937af6aaf5
sections/slideshow.liquid:
  development: 2017-01-03T22:46:40-05:00   715c66221e7e570e16046f0370786eba
snippets/captions.liquid:
  development: 2017-03-05T01:26:13-05:00   52981eb9ad7f0b426872b3350be9d53e
snippets/comment.liquid:
  development: 2016-12-17T20:54:54-05:00   6b47f2a5d6a07494ad7de1ce9997c9d9
snippets/google-fonts.liquid:
  development: 2016-12-17T20:54:54-05:00   0ad0c678c3fa87cfeb0a10561058beb2
snippets/icon-amazon_payments.liquid:
  development: 2016-12-17T20:54:54-05:00   ec8359cdda389706cc36ae917892d93f
snippets/icon-american_express.liquid:
  development: 2016-12-17T20:54:54-05:00   ffa58442d17d73d2bef88399019993f3
snippets/icon-apple_pay.liquid:
  development: 2016-12-17T20:54:54-05:00   e82e7acc46479ea2173926f8fad55db0
snippets/icon-arrow-down.liquid:
  development: 2016-12-17T20:54:54-05:00   f8fd3b896d90388f5aae1c93e2a77da2
snippets/icon-arrow-left.liquid:
  development: 2016-12-17T20:54:55-05:00   12c9b68124cea15ee7cc558709ac77d3
snippets/icon-arrow-right.liquid:
  development: 2016-12-17T20:54:55-05:00   177e0020103e51e3acaed4a594b50c73
snippets/icon-arrow-thin-left.liquid:
  development: 2016-12-17T20:54:55-05:00   830b0d9386051e86d9ffd8c40ffbf770
snippets/icon-arrow-up.liquid:
  development: 2016-12-17T20:54:55-05:00   0e1e498f1d507716eaf8e877bd4efeeb
snippets/icon-bag.liquid:
  development: 2016-12-17T20:54:55-05:00   dd18ce7e32cb074f12d064104d9369d5
snippets/icon-bitcoin.liquid:
  development: 2016-12-17T20:54:55-05:00   e9a7e7de915fc7df29a835dfe2de385d
snippets/icon-cart.liquid:
  development: 2016-12-17T20:54:55-05:00   f95451ec8a45aa2c1da6d4cb6b0c855e
snippets/icon-cirrus.liquid:
  development: 2016-12-17T20:54:55-05:00   2e2e16ec6f0603de157992dc61a50657
snippets/icon-close.liquid:
  development: 2016-12-17T20:54:55-05:00   96d324f98248ed2430c30836e89c79b8
snippets/icon-dankort.liquid:
  development: 2016-12-17T20:54:55-05:00   3e3795e8c72afb70ff83fe0699814925
snippets/icon-diners_club.liquid:
  development: 2016-12-17T20:54:55-05:00   fa88936febf9c082201530c0c69cd699
snippets/icon-discover.liquid:
  development: 2016-12-17T20:54:55-05:00   2af236ff5c056aaada8d735cf50db46c
snippets/icon-dogecoin.liquid:
  development: 2016-12-17T20:54:55-05:00   6a35f5db9eb93d1ed563c6989ff30798
snippets/icon-dwolla.liquid:
  development: 2016-12-17T20:54:55-05:00   aeb86f67aad84adaf7635d2043cb89a9
snippets/icon-facebook.liquid:
  development: 2016-12-17T20:54:55-05:00   1f4ee2d25e4ae01fbd0591cf92b1bdb6
snippets/icon-forbrugsforeningen.liquid:
  development: 2016-12-17T20:54:55-05:00   ff962a94f23046340766c215b0f14a52
snippets/icon-hamburger.liquid:
  development: 2016-12-17T20:54:55-05:00   c429f6a0db27bb76a5bfd0d1c422ab53
snippets/icon-instagram.liquid:
  development: 2016-12-17T20:54:55-05:00   bf50214819f6e2a5f053593e2414526d
snippets/icon-interac.liquid:
  development: 2016-12-17T20:54:55-05:00   d1ec7589f8f9befedd935603e2380489
snippets/icon-jcb.liquid:
  development: 2016-12-17T20:54:55-05:00   4bc8d7390f04bd32042e2cd80e44bb5a
snippets/icon-litecoin.liquid:
  development: 2016-12-17T20:54:55-05:00   051dfcb36fa17b532a087b12f0a49e0e
snippets/icon-lock.liquid:
  development: 2016-12-17T20:54:55-05:00   60ae7ba03d14efa582faed8855821a58
snippets/icon-maestro.liquid:
  development: 2016-12-17T20:54:55-05:00   b987e558ecad607661489939ec8ca524
snippets/icon-master.liquid:
  development: 2016-12-17T20:54:55-05:00   7be93970b63c2fd0e2b319a35c00a9d7
snippets/icon-minus.liquid:
  development: 2016-12-17T20:54:55-05:00   d67c918f4271ac3e2b3689a1c66cd324
snippets/icon-pause.liquid:
  development: 2016-12-17T20:54:55-05:00   99e785a63af3ab0a7ccd9c5551ea8910
snippets/icon-paypal.liquid:
  development: 2016-12-17T20:54:55-05:00   576f8465d6e1a5c003bc42deb4b2c09a
snippets/icon-pinterest.liquid:
  development: 2016-12-17T20:54:55-05:00   d0f6a3f3842d8782a7beec9e7422a4d4
snippets/icon-play.liquid:
  development: 2016-12-17T20:54:55-05:00   31ff2901a9fd0f32ebc4c05748e7aa5d
snippets/icon-plus.liquid:
  development: 2016-12-17T20:54:55-05:00   59271dc8b74871a9af77d3ac0ac839da
snippets/icon-quote.liquid:
  development: 2016-12-17T20:54:55-05:00   e710949f7a142dfc3c4fac15c33bb2fa
snippets/icon-rss.liquid:
  development: 2016-12-17T20:54:55-05:00   e44945385279f30693ad10bf7647770a
snippets/icon-search.liquid:
  development: 2016-12-17T20:54:55-05:00   365615febc89c876686a0b15e515fb62
snippets/icon-shopify-logo.liquid:
  development: 2016-12-17T20:54:55-05:00   3f0b70f9e01be5b25507d25a732ecde7
snippets/icon-snapchat.liquid:
  development: 2016-12-17T20:54:55-05:00   9ed6937e3232c9034976be2b8ed9f673
snippets/icon-stripe.liquid:
  development: 2016-12-17T20:54:55-05:00   e79ac5f1ff57e03a49c805105ffc5756
snippets/icon-tumblr.liquid:
  development: 2016-12-17T20:54:55-05:00   95b170823ba66888266df40855dcf6ca
snippets/icon-twitter.liquid:
  development: 2016-12-17T20:54:55-05:00   15da0c480346e2782bd2288113e76e00
snippets/icon-vimeo.liquid:
  development: 2016-12-17T20:54:55-05:00   d05774570a73a039e16e6be0411449ab
snippets/icon-visa.liquid:
  development: 2016-12-17T20:54:55-05:00   9f864f065156d1820e794adbd3f1ffd0
snippets/icon-youtube.liquid:
  development: 2016-12-17T20:54:55-05:00   7b566c0e9843640150d456430a74ff74
snippets/meganav.liquid:
  development: 2016-12-17T20:54:55-05:00   48db18ab49129237ec6cb2908766b663
snippets/no-blocks.liquid:
  development: 2016-12-17T20:54:55-05:00   0cb7d758b6df0feb07ae5804b4b627fa
snippets/product-card.liquid:
  development: 2017-02-14T13:43:00-05:00   83042f89377ecd9e55f0f3ae532a1bc6
snippets/social-meta-tags.liquid:
  development: 2016-12-17T20:54:55-05:00   ce596f4b50f69bf61816c931c8a86246
snippets/social-sharing.liquid:
  development: 2016-12-28T15:57:17-05:00   faefcb8d384a0333413f164a44f8ff87
templates/404.liquid:
  development: 2016-12-17T20:54:55-05:00   c5a602ed831884857d6ba432990c1c65
templates/article.liquid:
  development: 2017-02-28T23:10:52-05:00   e77377837752a5c1219a78194183ac2f
templates/blog.liquid:
  development: 2017-02-14T13:35:47-05:00   9de41d741356e13eb2343459440e3588
templates/cart.liquid:
  development: 2016-12-17T20:54:56-05:00   dde7ab169fa0692634291eb1d8661366
templates/collection.liquid:
  development: 2016-12-28T18:17:26-05:00   0f60c19e4a913290eb942e959760ebeb
templates/customers/account.liquid:
  development: 2016-12-17T20:54:56-05:00   460919f09e3e2676f66cda1cadf90924
templates/customers/activate_account.liquid:
  development: 2016-12-17T20:54:56-05:00   f36eddc94f148aee6a9b1d6387ff4b95
templates/customers/addresses.liquid:
  development: 2016-12-17T20:54:56-05:00   3f0e553529e901e96493d6f4e720f4fd
templates/customers/login.liquid:
  development: 2016-12-17T20:54:56-05:00   8d86911b000ae9467d803bac917d0cd8
templates/customers/order.liquid:
  development: 2016-12-17T20:54:56-05:00   52fbe9c3fd5085ff8eac812948e98a32
templates/customers/register.liquid:
  development: 2016-12-17T20:54:56-05:00   bfb55d672848fd97d6c72b8ed9abcfb3
templates/customers/reset_password.liquid:
  development: 2016-12-17T20:54:56-05:00   73f390cd1d27f0e95d5674c2fcba2e0d
templates/gift_card.liquid:
  development: 2016-12-17T20:54:56-05:00   538ac344d5e387188ef53838e65d7595
templates/index.liquid:
  development: 2016-12-17T20:54:56-05:00   b2a0a05382c135215e50a0042c0f7cb7
templates/list-collections.liquid:
  development: 2016-12-28T17:31:20-05:00   98c228dc9e28b2d01ad817935f8cbcba
templates/page.contact.liquid:
  development: 2016-12-31T21:28:06-05:00   9703eb1d4fa346e9b99bdf8f274b9db8
templates/page.liquid:
  development: 2017-02-28T23:00:58-05:00   473798a3affe0991a81b8be632dbb162
templates/password.liquid:
  development: 2016-12-17T20:54:56-05:00   1e6018925cf530d009aa332c4553411e
templates/product.liquid:
  development: 2016-12-27T20:11:13-05:00   bb0f2013a26877a24c43adf8cba3b10d
templates/search.liquid:
  development: 2016-12-17T20:54:56-05:00   b1b2d329b8586246b627c8cec17f24ab
